
Microsoft Visual Studio Solution File, Format Version 11.00
# Visual Studio 2010
Project("{8BC9CEB8-8B4A-11D0-8D11-00A0C91BC942}") = "testbench", "testbench\testbench.vcxproj", "{AF4E3E64-1349-400E-85EF-421C8DC11153}"
EndProject
Project("{8BC9CEB8-8B4A-11D0-8D11-00A0C91BC942}") = "testmain", "testmain\testmain.vcxproj", "{5B0E87CB-259C-4C76-B93E-6F514F4B3088}"
EndProject
Global
	GlobalSection(SolutionConfigurationPlatforms) = preSolution
		Debug|Win32 = Debug|Win32
		Release|Win32 = Release|Win32
	EndGlobalSection
	GlobalSection(ProjectConfigurationPlatforms) = postSolution
		{AF4E3E64-1349-400E-85EF-421C8DC11153}.Debug|Win32.ActiveCfg = Debug|Win32
		{AF4E3E64-1349-400E-85EF-421C8DC11153}.Debug|Win32.Build.0 = Debug|Win32
		{AF4E3E64-1349-400E-85EF-421C8DC11153}.Release|Win32.ActiveCfg = Release|Win32
		{AF4E3E64-1349-400E-85EF-421C8DC11153}.Release|Win32.Build.0 = Release|Win32
		{5B0E87CB-259C-4C76-B93E-6F514F4B3088}.Debug|Win32.ActiveCfg = Debug|Win32
		{5B0E87CB-259C-4C76-B93E-6F514F4B3088}.Debug|Win32.Build.0 = Debug|Win32
		{5B0E87CB-259C-4C76-B93E-6F514F4B3088}.Release|Win32.ActiveCfg = Release|Win32
		{5B0E87CB-259C-4C76-B93E-6F514F4B3088}.Release|Win32.Build.0 = Release|Win32
	EndGlobalSection
	GlobalSection(SolutionProperties) = preSolution
		HideSolutionNode = FALSE
	EndGlobalSection
EndGlobal
