<?xml version="1.0" encoding="utf-8"?>
<Project ToolsVersion="4.0" xmlns="http://schemas.microsoft.com/developer/msbuild/2003">
  <ItemGroup>
    <Filter Include="case">
      <UniqueIdentifier>{6b6540d1-1c8e-46b4-9f3d-f26b4c7c4442}</UniqueIdentifier>
    </Filter>
  </ItemGroup>
  <ItemGroup>
    <ClCompile Include="..\testbench\source\host_console_unittest.cc">
      <Filter>case</Filter>
    </ClCompile>
    <ClCompile Include="..\testbench\source\host_csvfile_unittest.cc">
      <Filter>case</Filter>
    </ClCompile>
    <ClCompile Include="..\testbench\source\host_device_unittest.cc">
      <Filter>case</Filter>
    </ClCompile>
    <ClCompile Include="..\testbench\source\host_netfile_unittest.cc">
      <Filter>case</Filter>
    </ClCompile>
    <ClCompile Include="..\testbench\source\host_pesq_unittest.cc">
      <Filter>case</Filter>
    </ClCompile>
    <ClCompile Include="..\testbench\source\host_sip_unittest.cc">
      <Filter>case</Filter>
    </ClCompile>
    <ClCompile Include="main.cpp" />
  </ItemGroup>
</Project>