<?xml version="1.0" encoding="utf-8"?>
<Project ToolsVersion="4.0" xmlns="http://schemas.microsoft.com/developer/msbuild/2003">
  <ItemGroup>
    <Filter Include="case">
      <UniqueIdentifier>{6b6540d1-1c8e-46b4-9f3d-f26b4c7c4442}</UniqueIdentifier>
    </Filter>
  </ItemGroup>
  <ItemGroup>
    <ClCompile Include="main.cpp" />
    <ClCompile Include="case\test_injectdll.cpp">
      <Filter>case</Filter>
    </ClCompile>
    <ClCompile Include="case\InjectProc.cpp">
      <Filter>case</Filter>
    </ClCompile>
  </ItemGroup>
  <ItemGroup>
    <ClInclude Include="case\InjectProc.h">
      <Filter>case</Filter>
    </ClInclude>
  </ItemGroup>
</Project>