<?xml version="1.0" encoding="utf-8"?>
<Project ToolsVersion="4.0" xmlns="http://schemas.microsoft.com/developer/msbuild/2003">
  <ItemGroup>
    <Filter Include="source">
      <UniqueIdentifier>{14f76ba5-970c-45fd-8b11-c94a85b3dff6}</UniqueIdentifier>
    </Filter>
    <Filter Include="source\platform">
      <UniqueIdentifier>{9aaeaa39-4e6f-475a-9b11-bd3f2104b92d}</UniqueIdentifier>
    </Filter>
    <Filter Include="source\platform\linux">
      <UniqueIdentifier>{9485a19f-16ad-4a51-ac2d-7229a221dc37}</UniqueIdentifier>
    </Filter>
    <Filter Include="source\platform\window">
      <UniqueIdentifier>{7d7bb38a-a506-47dd-912d-b7a0971d756d}</UniqueIdentifier>
    </Filter>
    <Filter Include="case">
      <UniqueIdentifier>{c72515ce-17ac-45fc-b9a0-2a78a77c67cc}</UniqueIdentifier>
    </Filter>
    <Filter Include="include">
      <UniqueIdentifier>{0effe3d2-e3e2-4415-bbe4-0ec044287ef4}</UniqueIdentifier>
    </Filter>
  </ItemGroup>
  <ItemGroup>
    <ClCompile Include="source\host_console.cc">
      <Filter>source</Filter>
    </ClCompile>
    <ClCompile Include="source\host_csvfile.cc">
      <Filter>source</Filter>
    </ClCompile>
    <ClCompile Include="source\host_device.cc">
      <Filter>source</Filter>
    </ClCompile>
    <ClCompile Include="source\host_media.cc">
      <Filter>source</Filter>
    </ClCompile>
    <ClCompile Include="source\host_netfile.cc">
      <Filter>source</Filter>
    </ClCompile>
    <ClCompile Include="source\host_netjib.cc">
      <Filter>source</Filter>
    </ClCompile>
    <ClCompile Include="source\host_os.cc">
      <Filter>source</Filter>
    </ClCompile>
    <ClCompile Include="source\host_sip.cc">
      <Filter>source</Filter>
    </ClCompile>
    <ClCompile Include="source\host_wave.cc">
      <Filter>source</Filter>
    </ClCompile>
    <ClCompile Include="source\loadtest.cc">
      <Filter>source</Filter>
    </ClCompile>
    <ClCompile Include="source\unittest.cc">
      <Filter>source</Filter>
    </ClCompile>
    <ClCompile Include="source\platform\device_audio_phone.cc">
      <Filter>source\platform</Filter>
    </ClCompile>
    <ClCompile Include="source\platform\device_audio_remote.cc">
      <Filter>source\platform</Filter>
    </ClCompile>
    <ClCompile Include="source\platform\linux\linux_audio_alsa.cc">
      <Filter>source\platform\linux</Filter>
    </ClCompile>
    <ClCompile Include="source\platform\linux\linux_audio_null.cc">
      <Filter>source\platform\linux</Filter>
    </ClCompile>
    <ClCompile Include="source\platform\linux\linux_console.cc">
      <Filter>source\platform\linux</Filter>
    </ClCompile>
    <ClCompile Include="source\platform\linux\linux_os.cc">
      <Filter>source\platform\linux</Filter>
    </ClCompile>
    <ClCompile Include="source\platform\linux\linux_video_null.cc">
      <Filter>source\platform\linux</Filter>
    </ClCompile>
    <ClCompile Include="source\platform\window\windows_audio.cc">
      <Filter>source\platform\window</Filter>
    </ClCompile>
    <ClCompile Include="source\platform\window\windows_console.cc">
      <Filter>source\platform\window</Filter>
    </ClCompile>
    <ClCompile Include="source\platform\window\windows_os.cc">
      <Filter>source\platform\window</Filter>
    </ClCompile>
    <ClCompile Include="source\platform\window\windows_video.cc">
      <Filter>source\platform\window</Filter>
    </ClCompile>
    <ClCompile Include="source\host_csvfile_unittest.cc">
      <Filter>case</Filter>
    </ClCompile>
    <ClCompile Include="source\host_device_unittest.cc">
      <Filter>case</Filter>
    </ClCompile>
    <ClCompile Include="source\host_netfile_unittest.cc">
      <Filter>case</Filter>
    </ClCompile>
    <ClCompile Include="source\host_sip_unittest.cc">
      <Filter>case</Filter>
    </ClCompile>
  </ItemGroup>
  <ItemGroup>
    <ClInclude Include="source\platform\device_audio.h">
      <Filter>source\platform</Filter>
    </ClInclude>
    <ClInclude Include="source\platform\device_video.h">
      <Filter>source\platform</Filter>
    </ClInclude>
    <ClInclude Include="source\platform\window\windows_os.h">
      <Filter>source\platform\window</Filter>
    </ClInclude>
    <ClInclude Include="include\host.h">
      <Filter>include</Filter>
    </ClInclude>
    <ClInclude Include="include\host_console.h">
      <Filter>include</Filter>
    </ClInclude>
    <ClInclude Include="include\host_csvfile.h">
      <Filter>include</Filter>
    </ClInclude>
    <ClInclude Include="include\host_device.h">
      <Filter>include</Filter>
    </ClInclude>
    <ClInclude Include="include\host_media.h">
      <Filter>include</Filter>
    </ClInclude>
    <ClInclude Include="include\host_netfile.h">
      <Filter>include</Filter>
    </ClInclude>
    <ClInclude Include="include\host_netjib.h">
      <Filter>include</Filter>
    </ClInclude>
    <ClInclude Include="include\host_os.h">
      <Filter>include</Filter>
    </ClInclude>
    <ClInclude Include="include\host_sip.h">
      <Filter>include</Filter>
    </ClInclude>
    <ClInclude Include="include\host_wave.h">
      <Filter>include</Filter>
    </ClInclude>
    <ClInclude Include="include\loadtest.h">
      <Filter>include</Filter>
    </ClInclude>
    <ClInclude Include="include\unittest.h">
      <Filter>include</Filter>
    </ClInclude>
    <ClInclude Include="include\unittest_scoped.h">
      <Filter>include</Filter>
    </ClInclude>
  </ItemGroup>
</Project>