<?xml version="1.0" encoding="utf-8"?>
<Project ToolsVersion="4.0" xmlns="http://schemas.microsoft.com/developer/msbuild/2003">
  <ItemGroup>
    <Filter Include="src">
      <UniqueIdentifier>{4FC737F1-C7A5-4376-A066-2A32D752A2FF}</UniqueIdentifier>
      <Extensions>cpp;c;cxx;def;odl;idl;hpj;bat;asm;asmx</Extensions>
    </Filter>
    <Filter Include="include">
      <UniqueIdentifier>{be430016-5429-4afe-9a28-c950f7060c1e}</UniqueIdentifier>
    </Filter>
    <Filter Include="include\win32">
      <UniqueIdentifier>{a66f76aa-ca0a-40e9-a6f6-0722d33e9570}</UniqueIdentifier>
    </Filter>
    <Filter Include="include\pcap">
      <UniqueIdentifier>{5cd4b3ec-eb8a-486a-8d6d-8860ea03a9ff}</UniqueIdentifier>
    </Filter>
  </ItemGroup>
</Project>